
Microsoft Visual Studio Solution File, Format Version 12.00
# Visual Studio Version 17
VisualStudioVersion = 17.0.31903.59
MinimumVisualStudioVersion = 10.0.40219.1
Project("{FAE04EC0-301F-11D3-BF4B-00C04F79EFBC}") = "washme.Api", "washme.Api\washme.Api.csproj", "{AD1C5EFD-7A89-4EF3-9894-AAA8530DEBFC}"
EndProject
Project("{FAE04EC0-301F-11D3-BF4B-00C04F79EFBC}") = "Infrastructure", "Infrastructure\Infrastructure.csproj", "{147BE990-9DCF-4BEE-BD0F-FC5E27D53532}"
EndProject
Project("{FAE04EC0-301F-11D3-BF4B-00C04F79EFBC}") = "Core", "Core\Core.csproj", "{A537CDFA-8B59-42DF-82B5-344AD267E525}"
EndProject
Global
	GlobalSection(SolutionConfigurationPlatforms) = preSolution
		Debug|Any CPU = Debug|Any CPU
		Release|Any CPU = Release|Any CPU
	EndGlobalSection
	GlobalSection(SolutionProperties) = preSolution
		HideSolutionNode = FALSE
	EndGlobalSection
	GlobalSection(ProjectConfigurationPlatforms) = postSolution
		{AD1C5EFD-7A89-4EF3-9894-AAA8530DEBFC}.Debug|Any CPU.ActiveCfg = Debug|Any CPU
		{AD1C5EFD-7A89-4EF3-9894-AAA8530DEBFC}.Debug|Any CPU.Build.0 = Debug|Any CPU
		{AD1C5EFD-7A89-4EF3-9894-AAA8530DEBFC}.Release|Any CPU.ActiveCfg = Release|Any CPU
		{AD1C5EFD-7A89-4EF3-9894-AAA8530DEBFC}.Release|Any CPU.Build.0 = Release|Any CPU
		{147BE990-9DCF-4BEE-BD0F-FC5E27D53532}.Debug|Any CPU.ActiveCfg = Debug|Any CPU
		{147BE990-9DCF-4BEE-BD0F-FC5E27D53532}.Debug|Any CPU.Build.0 = Debug|Any CPU
		{147BE990-9DCF-4BEE-BD0F-FC5E27D53532}.Release|Any CPU.ActiveCfg = Release|Any CPU
		{147BE990-9DCF-4BEE-BD0F-FC5E27D53532}.Release|Any CPU.Build.0 = Release|Any CPU
		{A537CDFA-8B59-42DF-82B5-344AD267E525}.Debug|Any CPU.ActiveCfg = Debug|Any CPU
		{A537CDFA-8B59-42DF-82B5-344AD267E525}.Debug|Any CPU.Build.0 = Debug|Any CPU
		{A537CDFA-8B59-42DF-82B5-344AD267E525}.Release|Any CPU.ActiveCfg = Release|Any CPU
		{A537CDFA-8B59-42DF-82B5-344AD267E525}.Release|Any CPU.Build.0 = Release|Any CPU
	EndGlobalSection
EndGlobal
